// !$*UTF8*$!
{
	archiveVersion = 1;
	classes = {
	};
	objectVersion = 46;
	objects = {

/* Begin PBXBuildFile section */
		584AEB821E51FF1100B4214E /* Restaurant.swift in Sources */ = {isa = PBXBuildFile; fileRef = 584AEB811E51FF1100B4214E /* Restaurant.swift */; };
		5879585F1E4CC298006C6528 /* DetailViewController.swift in Sources */ = {isa = PBXBuildFile; fileRef = 5879585E1E4CC298006C6528 /* DetailViewController.swift */; };
		58B574CD1E4738BD007DD4E7 /* AppDelegate.swift in Sources */ = {isa = PBXBuildFile; fileRef = 58B574CC1E4738BD007DD4E7 /* AppDelegate.swift */; };
		58B574CF1E4738BD007DD4E7 /* ViewController.swift in Sources */ = {isa = PBXBuildFile; fileRef = 58B574CE1E4738BD007DD4E7 /* ViewController.swift */; };
		58B574D21E4738BD007DD4E7 /* Main.storyboard in Resources */ = {isa = PBXBuildFile; fileRef = 58B574D01E4738BD007DD4E7 /* Main.storyboard */; };
		58B574D41E4738BD007DD4E7 /* Assets.xcassets in Resources */ = {isa = PBXBuildFile; fileRef = 58B574D31E4738BD007DD4E7 /* Assets.xcassets */; };
		58B574D71E4738BD007DD4E7 /* LaunchScreen.storyboard in Resources */ = {isa = PBXBuildFile; fileRef = 58B574D51E4738BD007DD4E7 /* LaunchScreen.storyboard */; };
		58B574DF1E473989007DD4E7 /* TableViewCell.swift in Sources */ = {isa = PBXBuildFile; fileRef = 58B574DE1E473989007DD4E7 /* TableViewCell.swift */; };
		58F17F8D1E651F0E00AE094F /* DetailTableViewCell.swift in Sources */ = {isa = PBXBuildFile; fileRef = 58F17F8C1E651F0E00AE094F /* DetailTableViewCell.swift */; };
/* End PBXBuildFile section */

/* Begin PBXFileReference section */
		584AEB811E51FF1100B4214E /* Restaurant.swift */ = {isa = PBXFileReference; fileEncoding = 4; lastKnownFileType = sourcecode.swift; path = Restaurant.swift; sourceTree = "<group>"; };
		5879585E1E4CC298006C6528 /* DetailViewController.swift */ = {isa = PBXFileReference; fileEncoding = 4; lastKnownFileType = sourcecode.swift; path = DetailViewController.swift; sourceTree = "<group>"; };
		58B574C91E4738BD007DD4E7 /* CustomTableView.app */ = {isa = PBXFileReference; explicitFileType = wrapper.application; includeInIndex = 0; path = CustomTableView.app; sourceTree = BUILT_PRODUCTS_DIR; };
		58B574CC1E4738BD007DD4E7 /* AppDelegate.swift */ = {isa = PBXFileReference; lastKnownFileType = sourcecode.swift; path = AppDelegate.swift; sourceTree = "<group>"; };
		58B574CE1E4738BD007DD4E7 /* ViewController.swift */ = {isa = PBXFileReference; lastKnownFileType = sourcecode.swift; path = ViewController.swift; sourceTree = "<group>"; };
		58B574D11E4738BD007DD4E7 /* Base */ = {isa = PBXFileReference; lastKnownFileType = file.storyboard; name = Base; path = Base.lproj/Main.storyboard; sourceTree = "<group>"; };
		58B574D31E4738BD007DD4E7 /* Assets.xcassets */ = {isa = PBXFileReference; lastKnownFileType = folder.assetcatalog; path = Assets.xcassets; sourceTree = "<group>"; };
		58B574D61E4738BD007DD4E7 /* Base */ = {isa = PBXFileReference; lastKnownFileType = file.storyboard; name = Base; path = Base.lproj/LaunchScreen.storyboard; sourceTree = "<group>"; };
		58B574D81E4738BD007DD4E7 /* Info.plist */ = {isa = PBXFileReference; lastKnownFileType = text.plist.xml; path = Info.plist; sourceTree = "<group>"; };
		58B574DE1E473989007DD4E7 /* TableViewCell.swift */ = {isa = PBXFileReference; fileEncoding = 4; lastKnownFileType = sourcecode.swift; path = TableViewCell.swift; sourceTree = "<group>"; };
		58F17F8C1E651F0E00AE094F /* DetailTableViewCell.swift */ = {isa = PBXFileReference; fileEncoding = 4; lastKnownFileType = sourcecode.swift; path = DetailTableViewCell.swift; sourceTree = "<group>"; };
/* End PBXFileReference section */

/* Begin PBXFrameworksBuildPhase section */
		58B574C61E4738BD007DD4E7 /* Frameworks */ = {
			isa = PBXFrameworksBuildPhase;
			buildActionMask = 2147483647;
			files = (
			);
			runOnlyForDeploymentPostprocessing = 0;
		};
/* End PBXFrameworksBuildPhase section */

/* Begin PBXGroup section */
		58B574C01E4738BD007DD4E7 = {
			isa = PBXGroup;
			children = (
				58B574CB1E4738BD007DD4E7 /* CustomTableView */,
				58B574CA1E4738BD007DD4E7 /* Products */,
			);
			sourceTree = "<group>";
		};
		58B574CA1E4738BD007DD4E7 /* Products */ = {
			isa = PBXGroup;
			children = (
				58B574C91E4738BD007DD4E7 /* CustomTableView.app */,
			);
			name = Products;
			sourceTree = "<group>";
		};
		58B574CB1E4738BD007DD4E7 /* CustomTableView */ = {
			isa = PBXGroup;
			children = (
				58B574CC1E4738BD007DD4E7 /* AppDelegate.swift */,
				58B574CE1E4738BD007DD4E7 /* ViewController.swift */,
				58B574D01E4738BD007DD4E7 /* Main.storyboard */,
				58B574D31E4738BD007DD4E7 /* Assets.xcassets */,
				58B574D51E4738BD007DD4E7 /* LaunchScreen.storyboard */,
				58B574D81E4738BD007DD4E7 /* Info.plist */,
				58B574DE1E473989007DD4E7 /* TableViewCell.swift */,
				5879585E1E4CC298006C6528 /* DetailViewController.swift */,
				584AEB811E51FF1100B4214E /* Restaurant.swift */,
				58F17F8C1E651F0E00AE094F /* DetailTableViewCell.swift */,
			);
			path = CustomTableView;
			sourceTree = "<group>";
		};
/* End PBXGroup section */

/* Begin PBXNativeTarget section */
		58B574C81E4738BD007DD4E7 /* CustomTableView */ = {
			isa = PBXNativeTarget;
			buildConfigurationList = 58B574DB1E4738BD007DD4E7 /* Build configuration list for PBXNativeTarget "CustomTableView" */;
			buildPhases = (
				58B574C51E4738BD007DD4E7 /* Sources */,
				58B574C61E4738BD007DD4E7 /* Frameworks */,
				58B574C71E4738BD007DD4E7 /* Resources */,
			);
			buildRules = (
			);
			dependencies = (
			);
			name = CustomTableView;
			productName = CustomTableView;
			productReference = 58B574C91E4738BD007DD4E7 /* CustomTableView.app */;
			productType = "com.apple.product-type.application";
		};
/* End PBXNativeTarget section */

/* Begin PBXProject section */
		58B574C11E4738BD007DD4E7 /* Project object */ = {
			isa = PBXProject;
			attributes = {
				LastSwiftUpdateCheck = 0820;
				LastUpgradeCheck = 0820;
				ORGANIZATIONNAME = "Alan Dwi Prasetyo";
				TargetAttributes = {
					58B574C81E4738BD007DD4E7 = {
						CreatedOnToolsVersion = 8.2;
						DevelopmentTeam = 4J5G2Y2YMG;
						ProvisioningStyle = Automatic;
					};
				};
			};
			buildConfigurationList = 58B574C41E4738BD007DD4E7 /* Build configuration list for PBXProject "CustomTableView" */;
			compatibilityVersion = "Xcode 3.2";
			developmentRegion = English;
			hasScannedForEncodings = 0;
			knownRegions = (
				en,
				Base,
			);
			mainGroup = 58B574C01E4738BD007DD4E7;
			productRefGroup = 58B574CA1E4738BD007DD4E7 /* Products */;
			projectDirPath = "";
			projectRoot = "";
			targets = (
				58B574C81E4738BD007DD4E7 /* CustomTableView */,
			);
		};
/* End PBXProject section */

/* Begin PBXResourcesBuildPhase section */
		58B574C71E4738BD007DD4E7 /* Resources */ = {
			isa = PBXResourcesBuildPhase;
			buildActionMask = 2147483647;
			files = (
				58B574D71E4738BD007DD4E7 /* LaunchScreen.storyboard in Resources */,
				58B574D41E4738BD007DD4E7 /* Assets.xcassets in Resources */,
				58B574D21E4738BD007DD4E7 /* Main.storyboard in Resources */,
			);
			runOnlyForDeploymentPostprocessing = 0;
		};
/* End PBXResourcesBuildPhase section */

/* Begin PBXSourcesBuildPhase section */
		58B574C51E4738BD007DD4E7 /* Sources */ = {
			isa = PBXSourcesBuildPhase;
			buildActionMask = 2147483647;
			files = (
				58F17F8D1E651F0E00AE094F /* DetailTableViewCell.swift in Sources */,
				584AEB821E51FF1100B4214E /* Restaurant.swift in Sources */,
				58B574DF1E473989007DD4E7 /* TableViewCell.swift in Sources */,
				58B574CF1E4738BD007DD4E7 /* ViewController.swift in Sources */,
				58B574CD1E4738BD007DD4E7 /* AppDelegate.swift in Sources */,
				5879585F1E4CC298006C6528 /* DetailViewController.swift in Sources */,
			);
			runOnlyForDeploymentPostprocessing = 0;
		};
/* End PBXSourcesBuildPhase section */

/* Begin PBXVariantGroup section */
		58B574D01E4738BD007DD4E7 /* Main.storyboard */ = {
			isa = PBXVariantGroup;
			children = (
				58B574D11E4738BD007DD4E7 /* Base */,
			);
			name = Main.storyboard;
			sourceTree = "<group>";
		};
		58B574D51E4738BD007DD4E7 /* LaunchScreen.storyboard */ = {
			isa = PBXVariantGroup;
			children = (
				58B574D61E4738BD007DD4E7 /* Base */,
			);
			name = LaunchScreen.storyboard;
			sourceTree = "<group>";
		};
/* End PBXVariantGroup section */

/* Begin XCBuildConfiguration section */
		58B574D91E4738BD007DD4E7 /* Debug */ = {
			isa = XCBuildConfiguration;
			buildSettings = {
				ALWAYS_SEARCH_USER_PATHS = NO;
				CLANG_ANALYZER_NONNULL = YES;
				CLANG_CXX_LANGUAGE_STANDARD = "gnu++0x";
				CLANG_CXX_LIBRARY = "libc++";
				CLANG_ENABLE_MODULES = YES;
				CLANG_ENABLE_OBJC_ARC = YES;
				CLANG_WARN_BOOL_CONVERSION = YES;
				CLANG_WARN_CONSTANT_CONVERSION = YES;
				CLANG_WARN_DIRECT_OBJC_ISA_USAGE = YES_ERROR;
				CLANG_WARN_DOCUMENTATION_COMMENTS = YES;
				CLANG_WARN_EMPTY_BODY = YES;
				CLANG_WARN_ENUM_CONVERSION = YES;
				CLANG_WARN_INFINITE_RECURSION = YES;
				CLANG_WARN_INT_CONVERSION = YES;
				CLANG_WARN_OBJC_ROOT_CLASS = YES_ERROR;
				CLANG_WARN_SUSPICIOUS_MOVE = YES;
				CLANG_WARN_UNREACHABLE_CODE = YES;
				CLANG_WARN__DUPLICATE_METHOD_MATCH = YES;
				"CODE_SIGN_IDENTITY[sdk=iphoneos*]" = "iPhone Developer";
				COPY_PHASE_STRIP = NO;
				DEBUG_INFORMATION_FORMAT = dwarf;
				ENABLE_STRICT_OBJC_MSGSEND = YES;
				ENABLE_TESTABILITY = YES;
				GCC_C_LANGUAGE_STANDARD = gnu99;
				GCC_DYNAMIC_NO_PIC = NO;
				GCC_NO_COMMON_BLOCKS = YES;
				GCC_OPTIMIZATION_LEVEL = 0;
				GCC_PREPROCESSOR_DEFINITIONS = (
					"DEBUG=1",
					"$(inherited)",
				);
				GCC_WARN_64_TO_32_BIT_CONVERSION = YES;
				GCC_WARN_ABOUT_RETURN_TYPE = YES_ERROR;
				GCC_WARN_UNDECLARED_SELECTOR = YES;
				GCC_WARN_UNINITIALIZED_AUTOS = YES_AGGRESSIVE;
				GCC_WARN_UNUSED_FUNCTION = YES;
				GCC_WARN_UNUSED_VARIABLE = YES;
				IPHONEOS_DEPLOYMENT_TARGET = 10.2;
				MTL_ENABLE_DEBUG_INFO = YES;
				ONLY_ACTIVE_ARCH = YES;
				SDKROOT = iphoneos;
				SWIFT_ACTIVE_COMPILATION_CONDITIONS = DEBUG;
				SWIFT_OPTIMIZATION_LEVEL = "-Onone";
				TARGETED_DEVICE_FAMILY = "1,2";
			};
			name = Debug;
		};
		58B574DA1E4738BD007DD4E7 /* Release */ = {
			isa = XCBuildConfiguration;
			buildSettings = {
				ALWAYS_SEARCH_USER_PATHS = NO;
				CLANG_ANALYZER_NONNULL = YES;
				CLANG_CXX_LANGUAGE_STANDARD = "gnu++0x";
				CLANG_CXX_LIBRARY = "libc++";
				CLANG_ENABLE_MODULES = YES;
				CLANG_ENABLE_OBJC_ARC = YES;
				CLANG_WARN_BOOL_CONVERSION = YES;
				CLANG_WARN_CONSTANT_CONVERSION = YES;
				CLANG_WARN_DIRECT_OBJC_ISA_USAGE = YES_ERROR;
				CLANG_WARN_DOCUMENTATION_COMMENTS = YES;
				CLANG_WARN_EMPTY_BODY = YES;
				CLANG_WARN_ENUM_CONVERSION = YES;
				CLANG_WARN_INFINITE_RECURSION = YES;
				CLANG_WARN_INT_CONVERSION = YES;
				CLANG_WARN_OBJC_ROOT_CLASS = YES_ERROR;
				CLANG_WARN_SUSPICIOUS_MOVE = YES;
				CLANG_WARN_UNREACHABLE_CODE = YES;
				CLANG_WARN__DUPLICATE_METHOD_MATCH = YES;
				"CODE_SIGN_IDENTITY[sdk=iphoneos*]" = "iPhone Developer";
				COPY_PHASE_STRIP = NO;
				DEBUG_INFORMATION_FORMAT = "dwarf-with-dsym";
				ENABLE_NS_ASSERTIONS = NO;
				ENABLE_STRICT_OBJC_MSGSEND = YES;
				GCC_C_LANGUAGE_STANDARD = gnu99;
				GCC_NO_COMMON_BLOCKS = YES;
				GCC_WARN_64_TO_32_BIT_CONVERSION = YES;
				GCC_WARN_ABOUT_RETURN_TYPE = YES_ERROR;
				GCC_WARN_UNDECLARED_SELECTOR = YES;
				GCC_WARN_UNINITIALIZED_AUTOS = YES_AGGRESSIVE;
				GCC_WARN_UNUSED_FUNCTION = YES;
				GCC_WARN_UNUSED_VARIABLE = YES;
				IPHONEOS_DEPLOYMENT_TARGET = 10.2;
				MTL_ENABLE_DEBUG_INFO = NO;
				SDKROOT = iphoneos;
				SWIFT_OPTIMIZATION_LEVEL = "-Owholemodule";
				TARGETED_DEVICE_FAMILY = "1,2";
				VALIDATE_PRODUCT = YES;
			};
			name = Release;
		};
		58B574DC1E4738BD007DD4E7 /* Debug */ = {
			isa = XCBuildConfiguration;
			buildSettings = {
				ASSETCATALOG_COMPILER_APPICON_NAME = AppIcon;
				DEVELOPMENT_TEAM = 4J5G2Y2YMG;
				INFOPLIST_FILE = CustomTableView/Info.plist;
				LD_RUNPATH_SEARCH_PATHS = "$(inherited) @executable_path/Frameworks";
				PRODUCT_BUNDLE_IDENTIFIER = alandwiprasetyo.com.CustomTableView;
				PRODUCT_NAME = "$(TARGET_NAME)";
				SWIFT_VERSION = 3.0;
			};
			name = Debug;
		};
		58B574DD1E4738BD007DD4E7 /* Release */ = {
			isa = XCBuildConfiguration;
			buildSettings = {
				ASSETCATALOG_COMPILER_APPICON_NAME = AppIcon;
				DEVELOPMENT_TEAM = 4J5G2Y2YMG;
				INFOPLIST_FILE = CustomTableView/Info.plist;
				LD_RUNPATH_SEARCH_PATHS = "$(inherited) @executable_path/Frameworks";
				PRODUCT_BUNDLE_IDENTIFIER = alandwiprasetyo.com.CustomTableView;
				PRODUCT_NAME = "$(TARGET_NAME)";
				SWIFT_VERSION = 3.0;
			};
			name = Release;
		};
/* End XCBuildConfiguration section */

/* Begin XCConfigurationList section */
		58B574C41E4738BD007DD4E7 /* Build configuration list for PBXProject "CustomTableView" */ = {
			isa = XCConfigurationList;
			buildConfigurations = (
				58B574D91E4738BD007DD4E7 /* Debug */,
				58B574DA1E4738BD007DD4E7 /* Release */,
			);
			defaultConfigurationIsVisible = 0;
			defaultConfigurationName = Release;
		};
		58B574DB1E4738BD007DD4E7 /* Build configuration list for PBXNativeTarget "CustomTableView" */ = {
			isa = XCConfigurationList;
			buildConfigurations = (
				58B574DC1E4738BD007DD4E7 /* Debug */,
				58B574DD1E4738BD007DD4E7 /* Release */,
			);
			defaultConfigurationIsVisible = 0;
			defaultConfigurationName = Release;
		};
/* End XCConfigurationList section */
	};
	rootObject = 58B574C11E4738BD007DD4E7 /* Project object */;
}
